
Microsoft Visual Studio Solution File, Format Version 12.00
# Visual Studio 15
VisualStudioVersion = 15.0.27130.2036
MinimumVisualStudioVersion = 10.0.40219.1
Project("{2150E333-8FDC-42A3-9474-1A3956D46DE8}") = "Solution Items", "Solution Items", "{4A5A60DD-41B6-40BF-B677-227A921ECCC8}"
	ProjectSection(SolutionItems) = preProject
		CommonAssemblyInfo.cs = CommonAssemblyInfo.cs
		Npgsql.snk = Npgsql.snk
	EndProjectSection
EndProject
Project("{2150E333-8FDC-42A3-9474-1A3956D46DE8}") = "src", "src", "{8537E50E-CF7F-49CB-B4EF-3E2A1B11F050}"
EndProject
Project("{2150E333-8FDC-42A3-9474-1A3956D46DE8}") = "test", "test", "{ED612DB1-AB32-4603-95E7-891BACA71C39}"
EndProject
Project("{9A19103F-16F7-4668-BE54-9A1E7A4F7556}") = "Npgsql", "src\Npgsql\Npgsql.csproj", "{9D13B739-62B1-4190-B386-7A9547304EB3}"
EndProject
Project("{9A19103F-16F7-4668-BE54-9A1E7A4F7556}") = "Npgsql.Tests", "test\Npgsql.Tests\Npgsql.Tests.csproj", "{E9C258D7-0D8E-4E6A-9857-5C6438591755}"
EndProject
Project("{9A19103F-16F7-4668-BE54-9A1E7A4F7556}") = "Npgsql.Benchmarks", "test\Npgsql.Benchmarks\Npgsql.Benchmarks.csproj", "{8B4AE9B6-CDAC-44DD-A5CD-28A470D363B8}"
EndProject
Project("{9A19103F-16F7-4668-BE54-9A1E7A4F7556}") = "Npgsql.Json.NET", "src\Npgsql.Json.NET\Npgsql.Json.NET.csproj", "{9CBE603F-6746-411D-A5FD-CB2C948CD7D0}"
EndProject
Project("{9A19103F-16F7-4668-BE54-9A1E7A4F7556}") = "Npgsql.NodaTime", "src\Npgsql.NodaTime\Npgsql.NodaTime.csproj", "{D8DF12D6-FA70-4653-BD8F-C188944836DE}"
EndProject
Project("{9A19103F-16F7-4668-BE54-9A1E7A4F7556}") = "Npgsql.PluginTests", "test\Npgsql.PluginTests\Npgsql.PluginTests.csproj", "{9BD7FC3D-6956-42A8-A586-2558C499EBA2}"
EndProject
Project("{9A19103F-16F7-4668-BE54-9A1E7A4F7556}") = "Npgsql.LegacyPostgis", "src\Npgsql.LegacyPostgis\Npgsql.LegacyPostgis.csproj", "{D96CC113-7D64-4B31-9DCC-13FDE92C1ECE}"
EndProject
Project("{9A19103F-16F7-4668-BE54-9A1E7A4F7556}") = "Npgsql.RawPostgis", "src\Npgsql.RawPostgis\Npgsql.RawPostgis.csproj", "{5BF3516D-5559-46A8-8362-0F4D931EEAB9}"
EndProject
Project("{9A19103F-16F7-4668-BE54-9A1E7A4F7556}") = "Npgsql.NetTopologySuite", "src\Npgsql.NetTopologySuite\Npgsql.NetTopologySuite.csproj", "{6CB12050-DC9B-4155-BADD-BFDD54CDD70F}"
EndProject
Project("{9A19103F-16F7-4668-BE54-9A1E7A4F7556}") = "Npgsql.GeoJSON", "src\Npgsql.GeoJSON\Npgsql.GeoJSON.csproj", "{F7C53EBD-0075-474F-A083-419257D04080}"
EndProject
Global
	GlobalSection(SolutionConfigurationPlatforms) = preSolution
		Debug|Any CPU = Debug|Any CPU
		Debug|x86 = Debug|x86
		Release|Any CPU = Release|Any CPU
		Release|x86 = Release|x86
	EndGlobalSection
	GlobalSection(ProjectConfigurationPlatforms) = postSolution
		{9D13B739-62B1-4190-B386-7A9547304EB3}.Debug|Any CPU.ActiveCfg = Debug|Any CPU
		{9D13B739-62B1-4190-B386-7A9547304EB3}.Debug|Any CPU.Build.0 = Debug|Any CPU
		{9D13B739-62B1-4190-B386-7A9547304EB3}.Debug|x86.ActiveCfg = Debug|Any CPU
		{9D13B739-62B1-4190-B386-7A9547304EB3}.Debug|x86.Build.0 = Debug|Any CPU
		{9D13B739-62B1-4190-B386-7A9547304EB3}.Release|Any CPU.ActiveCfg = Release|Any CPU
		{9D13B739-62B1-4190-B386-7A9547304EB3}.Release|Any CPU.Build.0 = Release|Any CPU
		{9D13B739-62B1-4190-B386-7A9547304EB3}.Release|x86.ActiveCfg = Release|Any CPU
		{9D13B739-62B1-4190-B386-7A9547304EB3}.Release|x86.Build.0 = Release|Any CPU
		{E9C258D7-0D8E-4E6A-9857-5C6438591755}.Debug|Any CPU.ActiveCfg = Debug|Any CPU
		{E9C258D7-0D8E-4E6A-9857-5C6438591755}.Debug|Any CPU.Build.0 = Debug|Any CPU
		{E9C258D7-0D8E-4E6A-9857-5C6438591755}.Debug|x86.ActiveCfg = Debug|Any CPU
		{E9C258D7-0D8E-4E6A-9857-5C6438591755}.Debug|x86.Build.0 = Debug|Any CPU
		{E9C258D7-0D8E-4E6A-9857-5C6438591755}.Release|Any CPU.ActiveCfg = Release|Any CPU
		{E9C258D7-0D8E-4E6A-9857-5C6438591755}.Release|Any CPU.Build.0 = Release|Any CPU
		{E9C258D7-0D8E-4E6A-9857-5C6438591755}.Release|x86.ActiveCfg = Release|Any CPU
		{E9C258D7-0D8E-4E6A-9857-5C6438591755}.Release|x86.Build.0 = Release|Any CPU
		{8B4AE9B6-CDAC-44DD-A5CD-28A470D363B8}.Debug|Any CPU.ActiveCfg = Debug|Any CPU
		{8B4AE9B6-CDAC-44DD-A5CD-28A470D363B8}.Debug|Any CPU.Build.0 = Debug|Any CPU
		{8B4AE9B6-CDAC-44DD-A5CD-28A470D363B8}.Debug|x86.ActiveCfg = Debug|Any CPU
		{8B4AE9B6-CDAC-44DD-A5CD-28A470D363B8}.Debug|x86.Build.0 = Debug|Any CPU
		{8B4AE9B6-CDAC-44DD-A5CD-28A470D363B8}.Release|Any CPU.ActiveCfg = Release|Any CPU
		{8B4AE9B6-CDAC-44DD-A5CD-28A470D363B8}.Release|Any CPU.Build.0 = Release|Any CPU
		{8B4AE9B6-CDAC-44DD-A5CD-28A470D363B8}.Release|x86.ActiveCfg = Release|Any CPU
		{8B4AE9B6-CDAC-44DD-A5CD-28A470D363B8}.Release|x86.Build.0 = Release|Any CPU
		{9CBE603F-6746-411D-A5FD-CB2C948CD7D0}.Debug|Any CPU.ActiveCfg = Debug|Any CPU
		{9CBE603F-6746-411D-A5FD-CB2C948CD7D0}.Debug|Any CPU.Build.0 = Debug|Any CPU
		{9CBE603F-6746-411D-A5FD-CB2C948CD7D0}.Debug|x86.ActiveCfg = Debug|Any CPU
		{9CBE603F-6746-411D-A5FD-CB2C948CD7D0}.Debug|x86.Build.0 = Debug|Any CPU
		{9CBE603F-6746-411D-A5FD-CB2C948CD7D0}.Release|Any CPU.ActiveCfg = Release|Any CPU
		{9CBE603F-6746-411D-A5FD-CB2C948CD7D0}.Release|Any CPU.Build.0 = Release|Any CPU
		{9CBE603F-6746-411D-A5FD-CB2C948CD7D0}.Release|x86.ActiveCfg = Release|Any CPU
		{9CBE603F-6746-411D-A5FD-CB2C948CD7D0}.Release|x86.Build.0 = Release|Any CPU
		{D8DF12D6-FA70-4653-BD8F-C188944836DE}.Debug|Any CPU.ActiveCfg = Debug|Any CPU
		{D8DF12D6-FA70-4653-BD8F-C188944836DE}.Debug|Any CPU.Build.0 = Debug|Any CPU
		{D8DF12D6-FA70-4653-BD8F-C188944836DE}.Debug|x86.ActiveCfg = Debug|Any CPU
		{D8DF12D6-FA70-4653-BD8F-C188944836DE}.Debug|x86.Build.0 = Debug|Any CPU
		{D8DF12D6-FA70-4653-BD8F-C188944836DE}.Release|Any CPU.ActiveCfg = Release|Any CPU
		{D8DF12D6-FA70-4653-BD8F-C188944836DE}.Release|Any CPU.Build.0 = Release|Any CPU
		{D8DF12D6-FA70-4653-BD8F-C188944836DE}.Release|x86.ActiveCfg = Release|Any CPU
		{D8DF12D6-FA70-4653-BD8F-C188944836DE}.Release|x86.Build.0 = Release|Any CPU
		{9BD7FC3D-6956-42A8-A586-2558C499EBA2}.Debug|Any CPU.ActiveCfg = Debug|Any CPU
		{9BD7FC3D-6956-42A8-A586-2558C499EBA2}.Debug|Any CPU.Build.0 = Debug|Any CPU
		{9BD7FC3D-6956-42A8-A586-2558C499EBA2}.Debug|x86.ActiveCfg = Debug|Any CPU
		{9BD7FC3D-6956-42A8-A586-2558C499EBA2}.Debug|x86.Build.0 = Debug|Any CPU
		{9BD7FC3D-6956-42A8-A586-2558C499EBA2}.Release|Any CPU.ActiveCfg = Release|Any CPU
		{9BD7FC3D-6956-42A8-A586-2558C499EBA2}.Release|Any CPU.Build.0 = Release|Any CPU
		{9BD7FC3D-6956-42A8-A586-2558C499EBA2}.Release|x86.ActiveCfg = Release|Any CPU
		{9BD7FC3D-6956-42A8-A586-2558C499EBA2}.Release|x86.Build.0 = Release|Any CPU
		{D96CC113-7D64-4B31-9DCC-13FDE92C1ECE}.Debug|Any CPU.ActiveCfg = Debug|Any CPU
		{D96CC113-7D64-4B31-9DCC-13FDE92C1ECE}.Debug|Any CPU.Build.0 = Debug|Any CPU
		{D96CC113-7D64-4B31-9DCC-13FDE92C1ECE}.Debug|x86.ActiveCfg = Debug|Any CPU
		{D96CC113-7D64-4B31-9DCC-13FDE92C1ECE}.Debug|x86.Build.0 = Debug|Any CPU
		{D96CC113-7D64-4B31-9DCC-13FDE92C1ECE}.Release|Any CPU.ActiveCfg = Release|Any CPU
		{D96CC113-7D64-4B31-9DCC-13FDE92C1ECE}.Release|Any CPU.Build.0 = Release|Any CPU
		{D96CC113-7D64-4B31-9DCC-13FDE92C1ECE}.Release|x86.ActiveCfg = Release|Any CPU
		{D96CC113-7D64-4B31-9DCC-13FDE92C1ECE}.Release|x86.Build.0 = Release|Any CPU
		{5BF3516D-5559-46A8-8362-0F4D931EEAB9}.Debug|Any CPU.ActiveCfg = Debug|Any CPU
		{5BF3516D-5559-46A8-8362-0F4D931EEAB9}.Debug|Any CPU.Build.0 = Debug|Any CPU
		{5BF3516D-5559-46A8-8362-0F4D931EEAB9}.Debug|x86.ActiveCfg = Debug|Any CPU
		{5BF3516D-5559-46A8-8362-0F4D931EEAB9}.Debug|x86.Build.0 = Debug|Any CPU
		{5BF3516D-5559-46A8-8362-0F4D931EEAB9}.Release|Any CPU.ActiveCfg = Release|Any CPU
		{5BF3516D-5559-46A8-8362-0F4D931EEAB9}.Release|Any CPU.Build.0 = Release|Any CPU
		{5BF3516D-5559-46A8-8362-0F4D931EEAB9}.Release|x86.ActiveCfg = Release|Any CPU
		{5BF3516D-5559-46A8-8362-0F4D931EEAB9}.Release|x86.Build.0 = Release|Any CPU
		{6CB12050-DC9B-4155-BADD-BFDD54CDD70F}.Debug|Any CPU.ActiveCfg = Debug|Any CPU
		{6CB12050-DC9B-4155-BADD-BFDD54CDD70F}.Debug|Any CPU.Build.0 = Debug|Any CPU
		{6CB12050-DC9B-4155-BADD-BFDD54CDD70F}.Debug|x86.ActiveCfg = Debug|Any CPU
		{6CB12050-DC9B-4155-BADD-BFDD54CDD70F}.Debug|x86.Build.0 = Debug|Any CPU
		{6CB12050-DC9B-4155-BADD-BFDD54CDD70F}.Release|Any CPU.ActiveCfg = Release|Any CPU
		{6CB12050-DC9B-4155-BADD-BFDD54CDD70F}.Release|Any CPU.Build.0 = Release|Any CPU
		{6CB12050-DC9B-4155-BADD-BFDD54CDD70F}.Release|x86.ActiveCfg = Release|Any CPU
		{6CB12050-DC9B-4155-BADD-BFDD54CDD70F}.Release|x86.Build.0 = Release|Any CPU
		{F7C53EBD-0075-474F-A083-419257D04080}.Debug|Any CPU.ActiveCfg = Debug|Any CPU
		{F7C53EBD-0075-474F-A083-419257D04080}.Debug|Any CPU.Build.0 = Debug|Any CPU
		{F7C53EBD-0075-474F-A083-419257D04080}.Debug|x86.ActiveCfg = Debug|Any CPU
		{F7C53EBD-0075-474F-A083-419257D04080}.Debug|x86.Build.0 = Debug|Any CPU
		{F7C53EBD-0075-474F-A083-419257D04080}.Release|Any CPU.ActiveCfg = Release|Any CPU
		{F7C53EBD-0075-474F-A083-419257D04080}.Release|Any CPU.Build.0 = Release|Any CPU
		{F7C53EBD-0075-474F-A083-419257D04080}.Release|x86.ActiveCfg = Release|Any CPU
		{F7C53EBD-0075-474F-A083-419257D04080}.Release|x86.Build.0 = Release|Any CPU
	EndGlobalSection
	GlobalSection(SolutionProperties) = preSolution
		HideSolutionNode = FALSE
	EndGlobalSection
	GlobalSection(NestedProjects) = preSolution
		{9D13B739-62B1-4190-B386-7A9547304EB3} = {8537E50E-CF7F-49CB-B4EF-3E2A1B11F050}
		{E9C258D7-0D8E-4E6A-9857-5C6438591755} = {ED612DB1-AB32-4603-95E7-891BACA71C39}
		{8B4AE9B6-CDAC-44DD-A5CD-28A470D363B8} = {ED612DB1-AB32-4603-95E7-891BACA71C39}
		{9CBE603F-6746-411D-A5FD-CB2C948CD7D0} = {8537E50E-CF7F-49CB-B4EF-3E2A1B11F050}
		{D8DF12D6-FA70-4653-BD8F-C188944836DE} = {8537E50E-CF7F-49CB-B4EF-3E2A1B11F050}
		{9BD7FC3D-6956-42A8-A586-2558C499EBA2} = {ED612DB1-AB32-4603-95E7-891BACA71C39}
		{D96CC113-7D64-4B31-9DCC-13FDE92C1ECE} = {8537E50E-CF7F-49CB-B4EF-3E2A1B11F050}
		{5BF3516D-5559-46A8-8362-0F4D931EEAB9} = {8537E50E-CF7F-49CB-B4EF-3E2A1B11F050}
		{6CB12050-DC9B-4155-BADD-BFDD54CDD70F} = {8537E50E-CF7F-49CB-B4EF-3E2A1B11F050}
		{F7C53EBD-0075-474F-A083-419257D04080} = {8537E50E-CF7F-49CB-B4EF-3E2A1B11F050}
	EndGlobalSection
	GlobalSection(ExtensibilityGlobals) = postSolution
		SolutionGuid = {C90AEECD-DB4C-4BE6-B506-16A449852FB8}
	EndGlobalSection
	GlobalSection(MonoDevelopProperties) = preSolution
		StartupItem = Npgsql.csproj
	EndGlobalSection
EndGlobal
