
Microsoft Visual Studio Solution File, Format Version 12.00
# Visual Studio 14
VisualStudioVersion = 14.0.25123.0
MinimumVisualStudioVersion = 10.0.40219.1
Project("{2150E333-8FDC-42A3-9474-1A3956D46DE8}") = "Solution Items", "Solution Items", "{4A5A60DD-41B6-40BF-B677-227A921ECCC8}"
	ProjectSection(SolutionItems) = preProject
		CommonAssemblyInfo.cs = CommonAssemblyInfo.cs
		Npgsql.snk = Npgsql.snk
	EndProjectSection
EndProject
Project("{2150E333-8FDC-42A3-9474-1A3956D46DE8}") = "src", "src", "{8537E50E-CF7F-49CB-B4EF-3E2A1B11F050}"
EndProject
Project("{2150E333-8FDC-42A3-9474-1A3956D46DE8}") = "test", "test", "{ED612DB1-AB32-4603-95E7-891BACA71C39}"
EndProject
Project("{FAE04EC0-301F-11D3-BF4B-00C04F79EFBC}") = "Npgsql", "src\Npgsql\Npgsql.csproj", "{9D13B739-62B1-4190-B386-7A9547304EB3}"
EndProject
Project("{FAE04EC0-301F-11D3-BF4B-00C04F79EFBC}") = "EntityFramework6.Npgsql", "src\EntityFramework6.Npgsql\EntityFramework6.Npgsql.csproj", "{3EC85CBA-5B79-11E3-8104-0022198AB089}"
EndProject
Project("{FAE04EC0-301F-11D3-BF4B-00C04F79EFBC}") = "EntityFramework5.Npgsql", "src\EntityFramework5.Npgsql\EntityFramework5.Npgsql.csproj", "{100998C4-5B85-11E3-911C-0022198AB089}"
	ProjectSection(ProjectDependencies) = postProject
		{E9C258D7-0D8E-4E6A-9857-5C6438591755} = {E9C258D7-0D8E-4E6A-9857-5C6438591755}
	EndProjectSection
EndProject
Project("{FAE04EC0-301F-11D3-BF4B-00C04F79EFBC}") = "Npgsql.Tests", "test\Npgsql.Tests\Npgsql.Tests.csproj", "{E9C258D7-0D8E-4E6A-9857-5C6438591755}"
EndProject
Project("{FAE04EC0-301F-11D3-BF4B-00C04F79EFBC}") = "EntityFramework6.Npgsql.Tests", "test\EntityFramework6.Npgsql.Tests\EntityFramework6.Npgsql.Tests.csproj", "{4A0A42DE-C8B8-11E4-8EC9-005056A163A4}"
EndProject
Global
	GlobalSection(SolutionConfigurationPlatforms) = preSolution
		Debug|Any CPU = Debug|Any CPU
		Release|Any CPU = Release|Any CPU
	EndGlobalSection
	GlobalSection(ProjectConfigurationPlatforms) = postSolution
		{9D13B739-62B1-4190-B386-7A9547304EB3}.Debug|Any CPU.ActiveCfg = Debug|Any CPU
		{9D13B739-62B1-4190-B386-7A9547304EB3}.Debug|Any CPU.Build.0 = Debug|Any CPU
		{9D13B739-62B1-4190-B386-7A9547304EB3}.Release|Any CPU.ActiveCfg = Release|Any CPU
		{9D13B739-62B1-4190-B386-7A9547304EB3}.Release|Any CPU.Build.0 = Release|Any CPU
		{3EC85CBA-5B79-11E3-8104-0022198AB089}.Debug|Any CPU.ActiveCfg = Debug|Any CPU
		{3EC85CBA-5B79-11E3-8104-0022198AB089}.Debug|Any CPU.Build.0 = Debug|Any CPU
		{3EC85CBA-5B79-11E3-8104-0022198AB089}.Release|Any CPU.ActiveCfg = Release|Any CPU
		{3EC85CBA-5B79-11E3-8104-0022198AB089}.Release|Any CPU.Build.0 = Release|Any CPU
		{100998C4-5B85-11E3-911C-0022198AB089}.Debug|Any CPU.ActiveCfg = Debug|Any CPU
		{100998C4-5B85-11E3-911C-0022198AB089}.Debug|Any CPU.Build.0 = Debug|Any CPU
		{100998C4-5B85-11E3-911C-0022198AB089}.Release|Any CPU.ActiveCfg = Release|Any CPU
		{100998C4-5B85-11E3-911C-0022198AB089}.Release|Any CPU.Build.0 = Release|Any CPU
		{E9C258D7-0D8E-4E6A-9857-5C6438591755}.Debug|Any CPU.ActiveCfg = Debug|Any CPU
		{E9C258D7-0D8E-4E6A-9857-5C6438591755}.Debug|Any CPU.Build.0 = Debug|Any CPU
		{E9C258D7-0D8E-4E6A-9857-5C6438591755}.Release|Any CPU.ActiveCfg = Release|Any CPU
		{E9C258D7-0D8E-4E6A-9857-5C6438591755}.Release|Any CPU.Build.0 = Release|Any CPU
		{4A0A42DE-C8B8-11E4-8EC9-005056A163A4}.Debug|Any CPU.ActiveCfg = Debug|Any CPU
		{4A0A42DE-C8B8-11E4-8EC9-005056A163A4}.Debug|Any CPU.Build.0 = Debug|Any CPU
		{4A0A42DE-C8B8-11E4-8EC9-005056A163A4}.Release|Any CPU.ActiveCfg = Release|Any CPU
		{4A0A42DE-C8B8-11E4-8EC9-005056A163A4}.Release|Any CPU.Build.0 = Release|Any CPU
		{4EB6FD81-6A30-4C35-AA89-BD2B0EDDAFF3}.Debug|Any CPU.ActiveCfg = Debug|Any CPU
		{4EB6FD81-6A30-4C35-AA89-BD2B0EDDAFF3}.Debug|Any CPU.Build.0 = Debug|Any CPU
		{4EB6FD81-6A30-4C35-AA89-BD2B0EDDAFF3}.Release|Any CPU.ActiveCfg = Release|Any CPU
		{4EB6FD81-6A30-4C35-AA89-BD2B0EDDAFF3}.Release|Any CPU.Build.0 = Release|Any CPU
	EndGlobalSection
	GlobalSection(SolutionProperties) = preSolution
		HideSolutionNode = FALSE
	EndGlobalSection
	GlobalSection(NestedProjects) = preSolution
		{9D13B739-62B1-4190-B386-7A9547304EB3} = {8537E50E-CF7F-49CB-B4EF-3E2A1B11F050}
		{3EC85CBA-5B79-11E3-8104-0022198AB089} = {8537E50E-CF7F-49CB-B4EF-3E2A1B11F050}
		{100998C4-5B85-11E3-911C-0022198AB089} = {8537E50E-CF7F-49CB-B4EF-3E2A1B11F050}
		{E9C258D7-0D8E-4E6A-9857-5C6438591755} = {ED612DB1-AB32-4603-95E7-891BACA71C39}
		{4A0A42DE-C8B8-11E4-8EC9-005056A163A4} = {ED612DB1-AB32-4603-95E7-891BACA71C39}
		{4EB6FD81-6A30-4C35-AA89-BD2B0EDDAFF3} = {ED612DB1-AB32-4603-95E7-891BACA71C39}
	EndGlobalSection
	GlobalSection(MonoDevelopProperties) = preSolution
		StartupItem = Npgsql.csproj
	EndGlobalSection
EndGlobal
