
Microsoft Visual Studio Solution File, Format Version 12.00
# Visual Studio 14
VisualStudioVersion = 14.0.22823.1
MinimumVisualStudioVersion = 10.0.40219.1
Project("{2150E333-8FDC-42A3-9474-1A3956D46DE8}") = "src", "src", "{8A657AC5-150F-4F55-8D9E-4F1A56D62D60}"
EndProject
Project("{2150E333-8FDC-42A3-9474-1A3956D46DE8}") = "Solution Items", "Solution Items", "{E3B16670-40A6-4B2A-91F3-A1B214479954}"
	ProjectSection(SolutionItems) = preProject
		global.json = global.json
	EndProjectSection
EndProject
Project("{8BB2217D-0F2D-49D1-97BC-3654ED321F3B}") = "Npgsql", "src\Npgsql\Npgsql.xproj", "{9D13B739-62B1-4190-B386-7A9547304EB3}"
EndProject
Project("{8BB2217D-0F2D-49D1-97BC-3654ED321F3B}") = "Npgsql.EntityFramework7", "src\Npgsql.EntityFramework7\Npgsql.EntityFramework7.xproj", "{8FD04E24-CDDF-41CA-940D-2021BD62FB87}"
EndProject
Project("{2150E333-8FDC-42A3-9474-1A3956D46DE8}") = "test", "test", "{802E669C-6885-4E60-9CFB-8CFB47EAF16A}"
EndProject
Project("{8BB2217D-0F2D-49D1-97BC-3654ED321F3B}") = "Npgsql.Tests", "test\Npgsql.Tests\Npgsql.Tests.xproj", "{E9C258D7-0D8E-4E6A-9857-5C6438591755}"
EndProject
Project("{8BB2217D-0F2D-49D1-97BC-3654ED321F3B}") = "Npgsql.EntityFramework7.FunctionalTests", "test\Npgsql.EntityFramework7.FunctionalTests\Npgsql.EntityFramework7.FunctionalTests.xproj", "{57133FED-98D5-4A73-8D88-779A19214A68}"
EndProject
Project("{2150E333-8FDC-42A3-9474-1A3956D46DE8}") = "external", "external", "{ECB857E9-81EB-4B59-8D43-A31A89C510E1}"
EndProject
Project("{2150E333-8FDC-42A3-9474-1A3956D46DE8}") = "EntityFramework", "EntityFramework", "{6CD208A1-CE9F-43D6-A6F6-C4965D5D6D9E}"
EndProject
Project("{8BB2217D-0F2D-49D1-97BC-3654ED321F3B}") = "EntityFramework.Relational.FunctionalTests", "external\EntityFramework\test\EntityFramework.Relational.FunctionalTests\EntityFramework.Relational.FunctionalTests.xproj", "{37E904FD-F53B-4124-9FF3-82CF63218039}"
EndProject
Project("{8BB2217D-0F2D-49D1-97BC-3654ED321F3B}") = "EntityFramework.Core.Tests", "external\EntityFramework\test\EntityFramework.Core.Tests\EntityFramework.Core.Tests.xproj", "{90F12E2E-B572-4092-98EC-3700DCFDA2E5}"
EndProject
Project("{8BB2217D-0F2D-49D1-97BC-3654ED321F3B}") = "EntityFramework.Core.FunctionalTests", "external\EntityFramework\test\EntityFramework.Core.FunctionalTests\EntityFramework.Core.FunctionalTests.xproj", "{14F10214-5218-46E1-8A33-FF39DABDC238}"
EndProject
Project("{8BB2217D-0F2D-49D1-97BC-3654ED321F3B}") = "EntityFramework.Relational", "external\EntityFramework\src\EntityFramework.Relational\EntityFramework.Relational.xproj", "{ED4C27F3-A2F3-4727-A6FD-C1EC4207B077}"
EndProject
Project("{8BB2217D-0F2D-49D1-97BC-3654ED321F3B}") = "EntityFramework.InMemory", "external\EntityFramework\src\EntityFramework.InMemory\EntityFramework.InMemory.xproj", "{A49D37AE-6CD1-41AE-82E7-6AB88DD1D768}"
EndProject
Project("{8BB2217D-0F2D-49D1-97BC-3654ED321F3B}") = "EntityFramework.Core", "external\EntityFramework\src\EntityFramework.Core\EntityFramework.Core.xproj", "{46346D05-9EC1-409C-ACC9-A6BF565892C3}"
EndProject
Project("{8BB2217D-0F2D-49D1-97BC-3654ED321F3B}") = "EntityFramework.SqlServer", "external\EntityFramework\src\EntityFramework.SqlServer\EntityFramework.SqlServer.xproj", "{89E526E1-B9AF-4943-B332-881290087918}"
EndProject
Project("{8BB2217D-0F2D-49D1-97BC-3654ED321F3B}") = "EntityFramework.Sqlite", "external\EntityFramework\src\EntityFramework.Sqlite\EntityFramework.Sqlite.xproj", "{FAA971E9-015A-4425-AF6E-B86696ABAF22}"
EndProject
Global
	GlobalSection(SolutionConfigurationPlatforms) = preSolution
		Debug|Any CPU = Debug|Any CPU
		Release|Any CPU = Release|Any CPU
	EndGlobalSection
	GlobalSection(ProjectConfigurationPlatforms) = postSolution
		{9D13B739-62B1-4190-B386-7A9547304EB3}.Debug|Any CPU.ActiveCfg = Debug|Any CPU
		{9D13B739-62B1-4190-B386-7A9547304EB3}.Debug|Any CPU.Build.0 = Debug|Any CPU
		{9D13B739-62B1-4190-B386-7A9547304EB3}.Release|Any CPU.ActiveCfg = Release|Any CPU
		{9D13B739-62B1-4190-B386-7A9547304EB3}.Release|Any CPU.Build.0 = Release|Any CPU
		{8FD04E24-CDDF-41CA-940D-2021BD62FB87}.Debug|Any CPU.ActiveCfg = Debug|Any CPU
		{8FD04E24-CDDF-41CA-940D-2021BD62FB87}.Debug|Any CPU.Build.0 = Debug|Any CPU
		{8FD04E24-CDDF-41CA-940D-2021BD62FB87}.Release|Any CPU.ActiveCfg = Release|Any CPU
		{8FD04E24-CDDF-41CA-940D-2021BD62FB87}.Release|Any CPU.Build.0 = Release|Any CPU
		{E9C258D7-0D8E-4E6A-9857-5C6438591755}.Debug|Any CPU.ActiveCfg = Debug|Any CPU
		{E9C258D7-0D8E-4E6A-9857-5C6438591755}.Debug|Any CPU.Build.0 = Debug|Any CPU
		{E9C258D7-0D8E-4E6A-9857-5C6438591755}.Release|Any CPU.ActiveCfg = Release|Any CPU
		{E9C258D7-0D8E-4E6A-9857-5C6438591755}.Release|Any CPU.Build.0 = Release|Any CPU
		{57133FED-98D5-4A73-8D88-779A19214A68}.Debug|Any CPU.ActiveCfg = Debug|Any CPU
		{57133FED-98D5-4A73-8D88-779A19214A68}.Debug|Any CPU.Build.0 = Debug|Any CPU
		{57133FED-98D5-4A73-8D88-779A19214A68}.Release|Any CPU.ActiveCfg = Release|Any CPU
		{57133FED-98D5-4A73-8D88-779A19214A68}.Release|Any CPU.Build.0 = Release|Any CPU
		{37E904FD-F53B-4124-9FF3-82CF63218039}.Debug|Any CPU.ActiveCfg = Debug|Any CPU
		{37E904FD-F53B-4124-9FF3-82CF63218039}.Debug|Any CPU.Build.0 = Debug|Any CPU
		{37E904FD-F53B-4124-9FF3-82CF63218039}.Release|Any CPU.ActiveCfg = Release|Any CPU
		{37E904FD-F53B-4124-9FF3-82CF63218039}.Release|Any CPU.Build.0 = Release|Any CPU
		{90F12E2E-B572-4092-98EC-3700DCFDA2E5}.Debug|Any CPU.ActiveCfg = Debug|Any CPU
		{90F12E2E-B572-4092-98EC-3700DCFDA2E5}.Debug|Any CPU.Build.0 = Debug|Any CPU
		{90F12E2E-B572-4092-98EC-3700DCFDA2E5}.Release|Any CPU.ActiveCfg = Release|Any CPU
		{90F12E2E-B572-4092-98EC-3700DCFDA2E5}.Release|Any CPU.Build.0 = Release|Any CPU
		{14F10214-5218-46E1-8A33-FF39DABDC238}.Debug|Any CPU.ActiveCfg = Debug|Any CPU
		{14F10214-5218-46E1-8A33-FF39DABDC238}.Debug|Any CPU.Build.0 = Debug|Any CPU
		{14F10214-5218-46E1-8A33-FF39DABDC238}.Release|Any CPU.ActiveCfg = Release|Any CPU
		{14F10214-5218-46E1-8A33-FF39DABDC238}.Release|Any CPU.Build.0 = Release|Any CPU
		{ED4C27F3-A2F3-4727-A6FD-C1EC4207B077}.Debug|Any CPU.ActiveCfg = Debug|Any CPU
		{ED4C27F3-A2F3-4727-A6FD-C1EC4207B077}.Debug|Any CPU.Build.0 = Debug|Any CPU
		{ED4C27F3-A2F3-4727-A6FD-C1EC4207B077}.Release|Any CPU.ActiveCfg = Release|Any CPU
		{ED4C27F3-A2F3-4727-A6FD-C1EC4207B077}.Release|Any CPU.Build.0 = Release|Any CPU
		{A49D37AE-6CD1-41AE-82E7-6AB88DD1D768}.Debug|Any CPU.ActiveCfg = Debug|Any CPU
		{A49D37AE-6CD1-41AE-82E7-6AB88DD1D768}.Debug|Any CPU.Build.0 = Debug|Any CPU
		{A49D37AE-6CD1-41AE-82E7-6AB88DD1D768}.Release|Any CPU.ActiveCfg = Release|Any CPU
		{A49D37AE-6CD1-41AE-82E7-6AB88DD1D768}.Release|Any CPU.Build.0 = Release|Any CPU
		{46346D05-9EC1-409C-ACC9-A6BF565892C3}.Debug|Any CPU.ActiveCfg = Debug|Any CPU
		{46346D05-9EC1-409C-ACC9-A6BF565892C3}.Debug|Any CPU.Build.0 = Debug|Any CPU
		{46346D05-9EC1-409C-ACC9-A6BF565892C3}.Release|Any CPU.ActiveCfg = Release|Any CPU
		{46346D05-9EC1-409C-ACC9-A6BF565892C3}.Release|Any CPU.Build.0 = Release|Any CPU
		{89E526E1-B9AF-4943-B332-881290087918}.Debug|Any CPU.ActiveCfg = Debug|Any CPU
		{89E526E1-B9AF-4943-B332-881290087918}.Debug|Any CPU.Build.0 = Debug|Any CPU
		{89E526E1-B9AF-4943-B332-881290087918}.Release|Any CPU.ActiveCfg = Release|Any CPU
		{89E526E1-B9AF-4943-B332-881290087918}.Release|Any CPU.Build.0 = Release|Any CPU
		{FAA971E9-015A-4425-AF6E-B86696ABAF22}.Debug|Any CPU.ActiveCfg = Debug|Any CPU
		{FAA971E9-015A-4425-AF6E-B86696ABAF22}.Debug|Any CPU.Build.0 = Debug|Any CPU
		{FAA971E9-015A-4425-AF6E-B86696ABAF22}.Release|Any CPU.ActiveCfg = Release|Any CPU
		{FAA971E9-015A-4425-AF6E-B86696ABAF22}.Release|Any CPU.Build.0 = Release|Any CPU
	EndGlobalSection
	GlobalSection(SolutionProperties) = preSolution
		HideSolutionNode = FALSE
	EndGlobalSection
	GlobalSection(NestedProjects) = preSolution
		{9D13B739-62B1-4190-B386-7A9547304EB3} = {8A657AC5-150F-4F55-8D9E-4F1A56D62D60}
		{8FD04E24-CDDF-41CA-940D-2021BD62FB87} = {8A657AC5-150F-4F55-8D9E-4F1A56D62D60}
		{E9C258D7-0D8E-4E6A-9857-5C6438591755} = {802E669C-6885-4E60-9CFB-8CFB47EAF16A}
		{57133FED-98D5-4A73-8D88-779A19214A68} = {802E669C-6885-4E60-9CFB-8CFB47EAF16A}
		{6CD208A1-CE9F-43D6-A6F6-C4965D5D6D9E} = {ECB857E9-81EB-4B59-8D43-A31A89C510E1}
		{37E904FD-F53B-4124-9FF3-82CF63218039} = {6CD208A1-CE9F-43D6-A6F6-C4965D5D6D9E}
		{90F12E2E-B572-4092-98EC-3700DCFDA2E5} = {6CD208A1-CE9F-43D6-A6F6-C4965D5D6D9E}
		{14F10214-5218-46E1-8A33-FF39DABDC238} = {6CD208A1-CE9F-43D6-A6F6-C4965D5D6D9E}
		{ED4C27F3-A2F3-4727-A6FD-C1EC4207B077} = {6CD208A1-CE9F-43D6-A6F6-C4965D5D6D9E}
		{A49D37AE-6CD1-41AE-82E7-6AB88DD1D768} = {6CD208A1-CE9F-43D6-A6F6-C4965D5D6D9E}
		{46346D05-9EC1-409C-ACC9-A6BF565892C3} = {6CD208A1-CE9F-43D6-A6F6-C4965D5D6D9E}
		{89E526E1-B9AF-4943-B332-881290087918} = {6CD208A1-CE9F-43D6-A6F6-C4965D5D6D9E}
		{FAA971E9-015A-4425-AF6E-B86696ABAF22} = {6CD208A1-CE9F-43D6-A6F6-C4965D5D6D9E}
	EndGlobalSection
EndGlobal
