
Microsoft Visual Studio Solution File, Format Version 12.00
# Visual Studio 15
VisualStudioVersion = 15.0.26621.2
MinimumVisualStudioVersion = 10.0.40219.1
Project("{2150E333-8FDC-42A3-9474-1A3956D46DE8}") = "Solution Items", "Solution Items", "{4A5A60DD-41B6-40BF-B677-227A921ECCC8}"
	ProjectSection(SolutionItems) = preProject
		CommonAssemblyInfo.cs = CommonAssemblyInfo.cs
		Npgsql.snk = Npgsql.snk
	EndProjectSection
EndProject
Project("{2150E333-8FDC-42A3-9474-1A3956D46DE8}") = "src", "src", "{8537E50E-CF7F-49CB-B4EF-3E2A1B11F050}"
EndProject
Project("{2150E333-8FDC-42A3-9474-1A3956D46DE8}") = "test", "test", "{ED612DB1-AB32-4603-95E7-891BACA71C39}"
EndProject
Project("{9A19103F-16F7-4668-BE54-9A1E7A4F7556}") = "Npgsql", "src\Npgsql\Npgsql.csproj", "{9D13B739-62B1-4190-B386-7A9547304EB3}"
EndProject
Project("{9A19103F-16F7-4668-BE54-9A1E7A4F7556}") = "Npgsql.Tests", "test\Npgsql.Tests\Npgsql.Tests.csproj", "{E9C258D7-0D8E-4E6A-9857-5C6438591755}"
EndProject
Project("{930C7802-8A8C-48F9-8165-68863BCCD9DD}") = "MSI", "src\MSI\MSI.wixproj", "{3E9D78D3-C5D4-40E3-9FDD-AC91E19618AB}"
EndProject
Project("{9A19103F-16F7-4668-BE54-9A1E7A4F7556}") = "Npgsql.Benchmarks", "test\Npgsql.Benchmarks\Npgsql.Benchmarks.csproj", "{8B4AE9B6-CDAC-44DD-A5CD-28A470D363B8}"
EndProject
Project("{FAE04EC0-301F-11D3-BF4B-00C04F79EFBC}") = "VSIX", "src\VSIX\VSIX.csproj", "{ECFD8615-DEAD-4498-B262-85A4D0230229}"
	ProjectSection(ProjectDependencies) = postProject
		{9D13B739-62B1-4190-B386-7A9547304EB3} = {9D13B739-62B1-4190-B386-7A9547304EB3}
	EndProjectSection
EndProject
Project("{9A19103F-16F7-4668-BE54-9A1E7A4F7556}") = "Npgsql.Json.NET", "src\Npgsql.Json.NET\Npgsql.Json.NET.csproj", "{9CBE603F-6746-411D-A5FD-CB2C948CD7D0}"
EndProject
Project("{9A19103F-16F7-4668-BE54-9A1E7A4F7556}") = "Npgsql.NodaTime", "src\Npgsql.NodaTime\Npgsql.NodaTime.csproj", "{D8DF12D6-FA70-4653-BD8F-C188944836DE}"
EndProject
Project("{9A19103F-16F7-4668-BE54-9A1E7A4F7556}") = "Npgsql.PluginTests", "test\Npgsql.PluginTests\Npgsql.PluginTests.csproj", "{9BD7FC3D-6956-42A8-A586-2558C499EBA2}"
EndProject
Project("{9A19103F-16F7-4668-BE54-9A1E7A4F7556}") = "Npgsql.LegacyPostgis", "src\Npgsql.LegacyPostgis\Npgsql.LegacyPostgis.csproj", "{EC0DCB3C-9401-47BB-A5E8-B8C7A47DF96A}"
EndProject
Project("{9A19103F-16F7-4668-BE54-9A1E7A4F7556}") = "Npgsql.RawPostgis", "src\Npgsql.RawPostgis\Npgsql.RawPostgis.csproj", "{B7E92398-DD4E-410E-923C-E256992F6687}"
EndProject
Project("{9A19103F-16F7-4668-BE54-9A1E7A4F7556}") = "Npgsql.NetTopologySuite", "src\Npgsql.NetTopologySuite\Npgsql.NetTopologySuite.csproj", "{20D889AA-82DC-4AA0-B508-7CE68B83BB27}"
EndProject
Project("{9A19103F-16F7-4668-BE54-9A1E7A4F7556}") = "Npgsql.GeoJSON", "src\Npgsql.GeoJSON\Npgsql.GeoJSON.csproj", "{04052CCF-CABC-4B37-B89D-F95721D95407}"
EndProject
Global
	GlobalSection(SolutionConfigurationPlatforms) = preSolution
		Debug|Any CPU = Debug|Any CPU
		Debug|x86 = Debug|x86
		Release|Any CPU = Release|Any CPU
		Release|x86 = Release|x86
	EndGlobalSection
	GlobalSection(ProjectConfigurationPlatforms) = postSolution
		{9D13B739-62B1-4190-B386-7A9547304EB3}.Debug|Any CPU.ActiveCfg = Debug|Any CPU
		{9D13B739-62B1-4190-B386-7A9547304EB3}.Debug|Any CPU.Build.0 = Debug|Any CPU
		{9D13B739-62B1-4190-B386-7A9547304EB3}.Debug|x86.ActiveCfg = Debug|Any CPU
		{9D13B739-62B1-4190-B386-7A9547304EB3}.Debug|x86.Build.0 = Debug|Any CPU
		{9D13B739-62B1-4190-B386-7A9547304EB3}.Release|Any CPU.ActiveCfg = Release|Any CPU
		{9D13B739-62B1-4190-B386-7A9547304EB3}.Release|Any CPU.Build.0 = Release|Any CPU
		{9D13B739-62B1-4190-B386-7A9547304EB3}.Release|x86.ActiveCfg = Release|Any CPU
		{9D13B739-62B1-4190-B386-7A9547304EB3}.Release|x86.Build.0 = Release|Any CPU
		{E9C258D7-0D8E-4E6A-9857-5C6438591755}.Debug|Any CPU.ActiveCfg = Debug|Any CPU
		{E9C258D7-0D8E-4E6A-9857-5C6438591755}.Debug|Any CPU.Build.0 = Debug|Any CPU
		{E9C258D7-0D8E-4E6A-9857-5C6438591755}.Debug|x86.ActiveCfg = Debug|Any CPU
		{E9C258D7-0D8E-4E6A-9857-5C6438591755}.Debug|x86.Build.0 = Debug|Any CPU
		{E9C258D7-0D8E-4E6A-9857-5C6438591755}.Release|Any CPU.ActiveCfg = Release|Any CPU
		{E9C258D7-0D8E-4E6A-9857-5C6438591755}.Release|Any CPU.Build.0 = Release|Any CPU
		{E9C258D7-0D8E-4E6A-9857-5C6438591755}.Release|x86.ActiveCfg = Release|Any CPU
		{E9C258D7-0D8E-4E6A-9857-5C6438591755}.Release|x86.Build.0 = Release|Any CPU
		{3E9D78D3-C5D4-40E3-9FDD-AC91E19618AB}.Debug|Any CPU.ActiveCfg = Debug|x86
		{3E9D78D3-C5D4-40E3-9FDD-AC91E19618AB}.Debug|Any CPU.Build.0 = Debug|x86
		{3E9D78D3-C5D4-40E3-9FDD-AC91E19618AB}.Debug|x86.ActiveCfg = Debug|x86
		{3E9D78D3-C5D4-40E3-9FDD-AC91E19618AB}.Debug|x86.Build.0 = Debug|x86
		{3E9D78D3-C5D4-40E3-9FDD-AC91E19618AB}.Release|Any CPU.ActiveCfg = Release|x86
		{3E9D78D3-C5D4-40E3-9FDD-AC91E19618AB}.Release|Any CPU.Build.0 = Release|x86
		{3E9D78D3-C5D4-40E3-9FDD-AC91E19618AB}.Release|x86.ActiveCfg = Release|x86
		{3E9D78D3-C5D4-40E3-9FDD-AC91E19618AB}.Release|x86.Build.0 = Release|x86
		{8B4AE9B6-CDAC-44DD-A5CD-28A470D363B8}.Debug|Any CPU.ActiveCfg = Debug|Any CPU
		{8B4AE9B6-CDAC-44DD-A5CD-28A470D363B8}.Debug|Any CPU.Build.0 = Debug|Any CPU
		{8B4AE9B6-CDAC-44DD-A5CD-28A470D363B8}.Debug|x86.ActiveCfg = Debug|Any CPU
		{8B4AE9B6-CDAC-44DD-A5CD-28A470D363B8}.Debug|x86.Build.0 = Debug|Any CPU
		{8B4AE9B6-CDAC-44DD-A5CD-28A470D363B8}.Release|Any CPU.ActiveCfg = Release|Any CPU
		{8B4AE9B6-CDAC-44DD-A5CD-28A470D363B8}.Release|Any CPU.Build.0 = Release|Any CPU
		{8B4AE9B6-CDAC-44DD-A5CD-28A470D363B8}.Release|x86.ActiveCfg = Release|Any CPU
		{8B4AE9B6-CDAC-44DD-A5CD-28A470D363B8}.Release|x86.Build.0 = Release|Any CPU
		{ECFD8615-DEAD-4498-B262-85A4D0230229}.Debug|Any CPU.ActiveCfg = Debug|Any CPU
		{ECFD8615-DEAD-4498-B262-85A4D0230229}.Debug|Any CPU.Build.0 = Debug|Any CPU
		{ECFD8615-DEAD-4498-B262-85A4D0230229}.Debug|x86.ActiveCfg = Debug|Any CPU
		{ECFD8615-DEAD-4498-B262-85A4D0230229}.Debug|x86.Build.0 = Debug|Any CPU
		{ECFD8615-DEAD-4498-B262-85A4D0230229}.Release|Any CPU.ActiveCfg = Release|Any CPU
		{ECFD8615-DEAD-4498-B262-85A4D0230229}.Release|Any CPU.Build.0 = Release|Any CPU
		{ECFD8615-DEAD-4498-B262-85A4D0230229}.Release|x86.ActiveCfg = Release|Any CPU
		{ECFD8615-DEAD-4498-B262-85A4D0230229}.Release|x86.Build.0 = Release|Any CPU
		{9CBE603F-6746-411D-A5FD-CB2C948CD7D0}.Debug|Any CPU.ActiveCfg = Debug|Any CPU
		{9CBE603F-6746-411D-A5FD-CB2C948CD7D0}.Debug|Any CPU.Build.0 = Debug|Any CPU
		{9CBE603F-6746-411D-A5FD-CB2C948CD7D0}.Debug|x86.ActiveCfg = Debug|Any CPU
		{9CBE603F-6746-411D-A5FD-CB2C948CD7D0}.Debug|x86.Build.0 = Debug|Any CPU
		{9CBE603F-6746-411D-A5FD-CB2C948CD7D0}.Release|Any CPU.ActiveCfg = Release|Any CPU
		{9CBE603F-6746-411D-A5FD-CB2C948CD7D0}.Release|Any CPU.Build.0 = Release|Any CPU
		{9CBE603F-6746-411D-A5FD-CB2C948CD7D0}.Release|x86.ActiveCfg = Release|Any CPU
		{9CBE603F-6746-411D-A5FD-CB2C948CD7D0}.Release|x86.Build.0 = Release|Any CPU
		{D8DF12D6-FA70-4653-BD8F-C188944836DE}.Debug|Any CPU.ActiveCfg = Debug|Any CPU
		{D8DF12D6-FA70-4653-BD8F-C188944836DE}.Debug|Any CPU.Build.0 = Debug|Any CPU
		{D8DF12D6-FA70-4653-BD8F-C188944836DE}.Debug|x86.ActiveCfg = Debug|Any CPU
		{D8DF12D6-FA70-4653-BD8F-C188944836DE}.Debug|x86.Build.0 = Debug|Any CPU
		{D8DF12D6-FA70-4653-BD8F-C188944836DE}.Release|Any CPU.ActiveCfg = Release|Any CPU
		{D8DF12D6-FA70-4653-BD8F-C188944836DE}.Release|Any CPU.Build.0 = Release|Any CPU
		{D8DF12D6-FA70-4653-BD8F-C188944836DE}.Release|x86.ActiveCfg = Release|Any CPU
		{D8DF12D6-FA70-4653-BD8F-C188944836DE}.Release|x86.Build.0 = Release|Any CPU
		{9BD7FC3D-6956-42A8-A586-2558C499EBA2}.Debug|Any CPU.ActiveCfg = Debug|Any CPU
		{9BD7FC3D-6956-42A8-A586-2558C499EBA2}.Debug|Any CPU.Build.0 = Debug|Any CPU
		{9BD7FC3D-6956-42A8-A586-2558C499EBA2}.Debug|x86.ActiveCfg = Debug|Any CPU
		{9BD7FC3D-6956-42A8-A586-2558C499EBA2}.Debug|x86.Build.0 = Debug|Any CPU
		{9BD7FC3D-6956-42A8-A586-2558C499EBA2}.Release|Any CPU.ActiveCfg = Release|Any CPU
		{9BD7FC3D-6956-42A8-A586-2558C499EBA2}.Release|Any CPU.Build.0 = Release|Any CPU
		{9BD7FC3D-6956-42A8-A586-2558C499EBA2}.Release|x86.ActiveCfg = Release|Any CPU
		{9BD7FC3D-6956-42A8-A586-2558C499EBA2}.Release|x86.Build.0 = Release|Any CPU
		{EC0DCB3C-9401-47BB-A5E8-B8C7A47DF96A}.Debug|Any CPU.ActiveCfg = Debug|Any CPU
		{EC0DCB3C-9401-47BB-A5E8-B8C7A47DF96A}.Debug|Any CPU.Build.0 = Debug|Any CPU
		{EC0DCB3C-9401-47BB-A5E8-B8C7A47DF96A}.Debug|x86.ActiveCfg = Debug|Any CPU
		{EC0DCB3C-9401-47BB-A5E8-B8C7A47DF96A}.Debug|x86.Build.0 = Debug|Any CPU
		{EC0DCB3C-9401-47BB-A5E8-B8C7A47DF96A}.Release|Any CPU.ActiveCfg = Release|Any CPU
		{EC0DCB3C-9401-47BB-A5E8-B8C7A47DF96A}.Release|Any CPU.Build.0 = Release|Any CPU
		{EC0DCB3C-9401-47BB-A5E8-B8C7A47DF96A}.Release|x86.ActiveCfg = Release|Any CPU
		{EC0DCB3C-9401-47BB-A5E8-B8C7A47DF96A}.Release|x86.Build.0 = Release|Any CPU
		{B7E92398-DD4E-410E-923C-E256992F6687}.Debug|Any CPU.ActiveCfg = Debug|Any CPU
		{B7E92398-DD4E-410E-923C-E256992F6687}.Debug|Any CPU.Build.0 = Debug|Any CPU
		{B7E92398-DD4E-410E-923C-E256992F6687}.Debug|x86.ActiveCfg = Debug|Any CPU
		{B7E92398-DD4E-410E-923C-E256992F6687}.Debug|x86.Build.0 = Debug|Any CPU
		{B7E92398-DD4E-410E-923C-E256992F6687}.Release|Any CPU.ActiveCfg = Release|Any CPU
		{B7E92398-DD4E-410E-923C-E256992F6687}.Release|Any CPU.Build.0 = Release|Any CPU
		{B7E92398-DD4E-410E-923C-E256992F6687}.Release|x86.ActiveCfg = Release|Any CPU
		{B7E92398-DD4E-410E-923C-E256992F6687}.Release|x86.Build.0 = Release|Any CPU
		{20D889AA-82DC-4AA0-B508-7CE68B83BB27}.Debug|Any CPU.ActiveCfg = Debug|Any CPU
		{20D889AA-82DC-4AA0-B508-7CE68B83BB27}.Debug|Any CPU.Build.0 = Debug|Any CPU
		{20D889AA-82DC-4AA0-B508-7CE68B83BB27}.Debug|x86.ActiveCfg = Debug|Any CPU
		{20D889AA-82DC-4AA0-B508-7CE68B83BB27}.Debug|x86.Build.0 = Debug|Any CPU
		{20D889AA-82DC-4AA0-B508-7CE68B83BB27}.Release|Any CPU.ActiveCfg = Release|Any CPU
		{20D889AA-82DC-4AA0-B508-7CE68B83BB27}.Release|Any CPU.Build.0 = Release|Any CPU
		{20D889AA-82DC-4AA0-B508-7CE68B83BB27}.Release|x86.ActiveCfg = Release|Any CPU
		{20D889AA-82DC-4AA0-B508-7CE68B83BB27}.Release|x86.Build.0 = Release|Any CPU
		{04052CCF-CABC-4B37-B89D-F95721D95407}.Debug|Any CPU.ActiveCfg = Debug|Any CPU
		{04052CCF-CABC-4B37-B89D-F95721D95407}.Debug|Any CPU.Build.0 = Debug|Any CPU
		{04052CCF-CABC-4B37-B89D-F95721D95407}.Debug|x86.ActiveCfg = Debug|Any CPU
		{04052CCF-CABC-4B37-B89D-F95721D95407}.Debug|x86.Build.0 = Debug|Any CPU
		{04052CCF-CABC-4B37-B89D-F95721D95407}.Release|Any CPU.ActiveCfg = Release|Any CPU
		{04052CCF-CABC-4B37-B89D-F95721D95407}.Release|Any CPU.Build.0 = Release|Any CPU
		{04052CCF-CABC-4B37-B89D-F95721D95407}.Release|x86.ActiveCfg = Release|Any CPU
		{04052CCF-CABC-4B37-B89D-F95721D95407}.Release|x86.Build.0 = Release|Any CPU
	EndGlobalSection
	GlobalSection(SolutionProperties) = preSolution
		HideSolutionNode = FALSE
	EndGlobalSection
	GlobalSection(NestedProjects) = preSolution
		{9D13B739-62B1-4190-B386-7A9547304EB3} = {8537E50E-CF7F-49CB-B4EF-3E2A1B11F050}
		{E9C258D7-0D8E-4E6A-9857-5C6438591755} = {ED612DB1-AB32-4603-95E7-891BACA71C39}
		{3E9D78D3-C5D4-40E3-9FDD-AC91E19618AB} = {8537E50E-CF7F-49CB-B4EF-3E2A1B11F050}
		{8B4AE9B6-CDAC-44DD-A5CD-28A470D363B8} = {ED612DB1-AB32-4603-95E7-891BACA71C39}
		{ECFD8615-DEAD-4498-B262-85A4D0230229} = {8537E50E-CF7F-49CB-B4EF-3E2A1B11F050}
		{9CBE603F-6746-411D-A5FD-CB2C948CD7D0} = {8537E50E-CF7F-49CB-B4EF-3E2A1B11F050}
		{D8DF12D6-FA70-4653-BD8F-C188944836DE} = {8537E50E-CF7F-49CB-B4EF-3E2A1B11F050}
		{9BD7FC3D-6956-42A8-A586-2558C499EBA2} = {ED612DB1-AB32-4603-95E7-891BACA71C39}
		{EC0DCB3C-9401-47BB-A5E8-B8C7A47DF96A} = {8537E50E-CF7F-49CB-B4EF-3E2A1B11F050}
		{B7E92398-DD4E-410E-923C-E256992F6687} = {8537E50E-CF7F-49CB-B4EF-3E2A1B11F050}
		{20D889AA-82DC-4AA0-B508-7CE68B83BB27} = {8537E50E-CF7F-49CB-B4EF-3E2A1B11F050}
		{04052CCF-CABC-4B37-B89D-F95721D95407} = {8537E50E-CF7F-49CB-B4EF-3E2A1B11F050}
	EndGlobalSection
	GlobalSection(ExtensibilityGlobals) = postSolution
		SolutionGuid = {C90AEECD-DB4C-4BE6-B506-16A449852FB8}
	EndGlobalSection
	GlobalSection(MonoDevelopProperties) = preSolution
		StartupItem = Npgsql.csproj
	EndGlobalSection
EndGlobal
