
Microsoft Visual Studio Solution File, Format Version 12.00
# Visual Studio 14
VisualStudioVersion = 14.0.24720.0
MinimumVisualStudioVersion = 10.0.40219.1
Project("{2150E333-8FDC-42A3-9474-1A3956D46DE8}") = "src", "src", "{8A657AC5-150F-4F55-8D9E-4F1A56D62D60}"
EndProject
Project("{2150E333-8FDC-42A3-9474-1A3956D46DE8}") = "Solution Items", "Solution Items", "{E3B16670-40A6-4B2A-91F3-A1B214479954}"
	ProjectSection(SolutionItems) = preProject
		global.json = global.json
		NuGet.Config = NuGet.Config
	EndProjectSection
EndProject
Project("{8BB2217D-0F2D-49D1-97BC-3654ED321F3B}") = "Npgsql", "src\Npgsql\Npgsql.xproj", "{9D13B739-62B1-4190-B386-7A9547304EB3}"
EndProject
Project("{2150E333-8FDC-42A3-9474-1A3956D46DE8}") = "test", "test", "{802E669C-6885-4E60-9CFB-8CFB47EAF16A}"
EndProject
Project("{8BB2217D-0F2D-49D1-97BC-3654ED321F3B}") = "Npgsql.Tests", "test\Npgsql.Tests\Npgsql.Tests.xproj", "{E9C258D7-0D8E-4E6A-9857-5C6438591755}"
EndProject
Project("{8BB2217D-0F2D-49D1-97BC-3654ED321F3B}") = "EntityFramework7.Npgsql", "src\EntityFramework7.Npgsql\EntityFramework7.Npgsql.xproj", "{51AA8838-1F44-49DF-A02F-AA56A0944B53}"
EndProject
Project("{8BB2217D-0F2D-49D1-97BC-3654ED321F3B}") = "EntityFramework7.Npgsql.FunctionalTests", "test\EntityFramework7.Npgsql.FunctionalTests\EntityFramework7.Npgsql.FunctionalTests.xproj", "{F33996A5-AAB6-4EC0-A865-E80AD16F3163}"
EndProject
Project("{8BB2217D-0F2D-49D1-97BC-3654ED321F3B}") = "EntityFramework7.Npgsql.Tests", "test\EntityFramework7.Npgsql.Tests\EntityFramework7.Npgsql.Tests.xproj", "{0F64B74C-8869-4352-9AF5-A4BF0927BCF1}"
EndProject
Project("{8BB2217D-0F2D-49D1-97BC-3654ED321F3B}") = "EntityFramework6.Npgsql", "src\EntityFramework6.Npgsql\EntityFramework6.Npgsql.xproj", "{4F808F64-18DB-4E91-A295-6FDB88893852}"
EndProject
Project("{8BB2217D-0F2D-49D1-97BC-3654ED321F3B}") = "EntityFramework7.Npgsql.Design", "src\EntityFramework7.Npgsql.Design\EntityFramework7.Npgsql.Design.xproj", "{1CC15A7B-2B5F-4192-9BD4-D93C57E06BEA}"
EndProject
Project("{8BB2217D-0F2D-49D1-97BC-3654ED321F3B}") = "EntityFramework7.Npgsql.Design.FunctionalTests", "test\EntityFramework7.Npgsql.Design.FunctionalTests\EntityFramework7.Npgsql.Design.FunctionalTests.xproj", "{5336F099-DFF4-4439-9022-169AEB1FA737}"
EndProject
Global
	GlobalSection(SolutionConfigurationPlatforms) = preSolution
		Debug|Any CPU = Debug|Any CPU
		Release|Any CPU = Release|Any CPU
	EndGlobalSection
	GlobalSection(ProjectConfigurationPlatforms) = postSolution
		{9D13B739-62B1-4190-B386-7A9547304EB3}.Debug|Any CPU.ActiveCfg = Debug|Any CPU
		{9D13B739-62B1-4190-B386-7A9547304EB3}.Debug|Any CPU.Build.0 = Debug|Any CPU
		{9D13B739-62B1-4190-B386-7A9547304EB3}.Release|Any CPU.ActiveCfg = Release|Any CPU
		{9D13B739-62B1-4190-B386-7A9547304EB3}.Release|Any CPU.Build.0 = Release|Any CPU
		{E9C258D7-0D8E-4E6A-9857-5C6438591755}.Debug|Any CPU.ActiveCfg = Debug|Any CPU
		{E9C258D7-0D8E-4E6A-9857-5C6438591755}.Debug|Any CPU.Build.0 = Debug|Any CPU
		{E9C258D7-0D8E-4E6A-9857-5C6438591755}.Release|Any CPU.ActiveCfg = Release|Any CPU
		{E9C258D7-0D8E-4E6A-9857-5C6438591755}.Release|Any CPU.Build.0 = Release|Any CPU
		{51AA8838-1F44-49DF-A02F-AA56A0944B53}.Debug|Any CPU.ActiveCfg = Debug|Any CPU
		{51AA8838-1F44-49DF-A02F-AA56A0944B53}.Debug|Any CPU.Build.0 = Debug|Any CPU
		{51AA8838-1F44-49DF-A02F-AA56A0944B53}.Release|Any CPU.ActiveCfg = Release|Any CPU
		{51AA8838-1F44-49DF-A02F-AA56A0944B53}.Release|Any CPU.Build.0 = Release|Any CPU
		{F33996A5-AAB6-4EC0-A865-E80AD16F3163}.Debug|Any CPU.ActiveCfg = Debug|Any CPU
		{F33996A5-AAB6-4EC0-A865-E80AD16F3163}.Debug|Any CPU.Build.0 = Debug|Any CPU
		{F33996A5-AAB6-4EC0-A865-E80AD16F3163}.Release|Any CPU.ActiveCfg = Release|Any CPU
		{F33996A5-AAB6-4EC0-A865-E80AD16F3163}.Release|Any CPU.Build.0 = Release|Any CPU
		{0F64B74C-8869-4352-9AF5-A4BF0927BCF1}.Debug|Any CPU.ActiveCfg = Debug|Any CPU
		{0F64B74C-8869-4352-9AF5-A4BF0927BCF1}.Debug|Any CPU.Build.0 = Debug|Any CPU
		{0F64B74C-8869-4352-9AF5-A4BF0927BCF1}.Release|Any CPU.ActiveCfg = Release|Any CPU
		{0F64B74C-8869-4352-9AF5-A4BF0927BCF1}.Release|Any CPU.Build.0 = Release|Any CPU
		{4F808F64-18DB-4E91-A295-6FDB88893852}.Debug|Any CPU.ActiveCfg = Debug|Any CPU
		{4F808F64-18DB-4E91-A295-6FDB88893852}.Debug|Any CPU.Build.0 = Debug|Any CPU
		{4F808F64-18DB-4E91-A295-6FDB88893852}.Release|Any CPU.ActiveCfg = Release|Any CPU
		{4F808F64-18DB-4E91-A295-6FDB88893852}.Release|Any CPU.Build.0 = Release|Any CPU
		{1CC15A7B-2B5F-4192-9BD4-D93C57E06BEA}.Debug|Any CPU.ActiveCfg = Debug|Any CPU
		{1CC15A7B-2B5F-4192-9BD4-D93C57E06BEA}.Debug|Any CPU.Build.0 = Debug|Any CPU
		{1CC15A7B-2B5F-4192-9BD4-D93C57E06BEA}.Release|Any CPU.ActiveCfg = Release|Any CPU
		{1CC15A7B-2B5F-4192-9BD4-D93C57E06BEA}.Release|Any CPU.Build.0 = Release|Any CPU
		{5336F099-DFF4-4439-9022-169AEB1FA737}.Debug|Any CPU.ActiveCfg = Debug|Any CPU
		{5336F099-DFF4-4439-9022-169AEB1FA737}.Debug|Any CPU.Build.0 = Debug|Any CPU
		{5336F099-DFF4-4439-9022-169AEB1FA737}.Release|Any CPU.ActiveCfg = Release|Any CPU
		{5336F099-DFF4-4439-9022-169AEB1FA737}.Release|Any CPU.Build.0 = Release|Any CPU
	EndGlobalSection
	GlobalSection(SolutionProperties) = preSolution
		HideSolutionNode = FALSE
	EndGlobalSection
	GlobalSection(NestedProjects) = preSolution
		{9D13B739-62B1-4190-B386-7A9547304EB3} = {8A657AC5-150F-4F55-8D9E-4F1A56D62D60}
		{E9C258D7-0D8E-4E6A-9857-5C6438591755} = {802E669C-6885-4E60-9CFB-8CFB47EAF16A}
		{51AA8838-1F44-49DF-A02F-AA56A0944B53} = {8A657AC5-150F-4F55-8D9E-4F1A56D62D60}
		{F33996A5-AAB6-4EC0-A865-E80AD16F3163} = {802E669C-6885-4E60-9CFB-8CFB47EAF16A}
		{0F64B74C-8869-4352-9AF5-A4BF0927BCF1} = {802E669C-6885-4E60-9CFB-8CFB47EAF16A}
		{4F808F64-18DB-4E91-A295-6FDB88893852} = {8A657AC5-150F-4F55-8D9E-4F1A56D62D60}
		{1CC15A7B-2B5F-4192-9BD4-D93C57E06BEA} = {8A657AC5-150F-4F55-8D9E-4F1A56D62D60}
		{5336F099-DFF4-4439-9022-169AEB1FA737} = {802E669C-6885-4E60-9CFB-8CFB47EAF16A}
	EndGlobalSection
EndGlobal
