
Microsoft Visual Studio Solution File, Format Version 9.00
# Visual Studio 2005
# SharpDevelop 2.1.0.2429
Project("{FAE04EC0-301F-11D3-BF4B-00C04F79EFBC}") = "Npgsql", "Npgsql.csproj", "{F37A690A-A55C-4684-BDE1-E8A45D90BD61}"
EndProject
Project("{FAE04EC0-301F-11D3-BF4B-00C04F79EFBC}") = "NpgsqlTests", "..\testsuite\noninteractive\NUnit20\NpgsqlTests.csproj", "{E9C258D7-0D8E-4E6A-9857-5C6438591755}"
EndProject
Global
	GlobalSection(SolutionConfigurationPlatforms) = preSolution
		Debug|Any CPU = Debug|Any CPU
		Release|Any CPU = Release|Any CPU
	EndGlobalSection
	GlobalSection(ProjectConfigurationPlatforms) = postSolution
		{F37A690A-A55C-4684-BDE1-E8A45D90BD61}.Debug|Any CPU.ActiveCfg = Debug|Any CPU
		{F37A690A-A55C-4684-BDE1-E8A45D90BD61}.Debug|Any CPU.Build.0 = Debug|Any CPU
		{F37A690A-A55C-4684-BDE1-E8A45D90BD61}.Release|Any CPU.ActiveCfg = Release|Any CPU
		{F37A690A-A55C-4684-BDE1-E8A45D90BD61}.Release|Any CPU.Build.0 = Release|Any CPU
		{E9C258D7-0D8E-4E6A-9857-5C6438591755}.Debug|Any CPU.ActiveCfg = Debug|Any CPU
		{E9C258D7-0D8E-4E6A-9857-5C6438591755}.Debug|Any CPU.Build.0 = Debug|Any CPU
		{E9C258D7-0D8E-4E6A-9857-5C6438591755}.Release|Any CPU.ActiveCfg = Release|Any CPU
		{E9C258D7-0D8E-4E6A-9857-5C6438591755}.Release|Any CPU.Build.0 = Release|Any CPU
		6118A94E-60B9-475D-91D8-130DE71C8C68.Debug|Any CPU.Build.0 = Debug|Any CPU
		6118A94E-60B9-475D-91D8-130DE71C8C68.Debug|Any CPU.ActiveCfg = Debug|Any CPU
		6118A94E-60B9-475D-91D8-130DE71C8C68.Release|Any CPU.Build.0 = Release|Any CPU
		6118A94E-60B9-475D-91D8-130DE71C8C68.Release|Any CPU.ActiveCfg = Release|Any CPU
		{4926D3C4-0A69-494D-931E-5BAA24F7B723}.Debug|Any CPU.Build.0 = Debug|Any CPU
		{4926D3C4-0A69-494D-931E-5BAA24F7B723}.Debug|Any CPU.ActiveCfg = Debug|Any CPU
		{4926D3C4-0A69-494D-931E-5BAA24F7B723}.Release|Any CPU.Build.0 = Release|Any CPU
		{4926D3C4-0A69-494D-931E-5BAA24F7B723}.Release|Any CPU.ActiveCfg = Release|Any CPU
	EndGlobalSection
	GlobalSection(SolutionProperties) = preSolution
		HideSolutionNode = FALSE
	EndGlobalSection
EndGlobal
