
Microsoft Visual Studio Solution File, Format Version 9.00
# Visual Studio 2005
Project("{FAE04EC0-301F-11D3-BF4B-00C04F79EFBC}") = "Npsql", "Npsql.csproj", "{41BF9547-EE02-4337-AFFA-49E5070D6F08}"
EndProject
Global
	GlobalSection(SolutionConfigurationPlatforms) = preSolution
		Debug|Any CPU = Debug|Any CPU
		Release|Any CPU = Release|Any CPU
	EndGlobalSection
	GlobalSection(ProjectConfigurationPlatforms) = postSolution
		{41BF9547-EE02-4337-AFFA-49E5070D6F08}.Debug|Any CPU.ActiveCfg = Debug|Any CPU
		{41BF9547-EE02-4337-AFFA-49E5070D6F08}.Debug|Any CPU.Build.0 = Debug|Any CPU
		{41BF9547-EE02-4337-AFFA-49E5070D6F08}.Release|Any CPU.ActiveCfg = Release|Any CPU
		{41BF9547-EE02-4337-AFFA-49E5070D6F08}.Release|Any CPU.Build.0 = Release|Any CPU
	EndGlobalSection
	GlobalSection(SolutionProperties) = preSolution
		HideSolutionNode = FALSE
	EndGlobalSection
EndGlobal
